
Microsoft Visual Studio Solution File, Format Version 12.00
# Visual Studio Version 17
VisualStudioVersion = 17.10.35027.167
MinimumVisualStudioVersion = 10.0.40219.1
Project("{FAE04EC0-301F-11D3-BF4B-00C04F79EFBC}") = "Sina-News-C-Sharp", "Sina-News-C-Sharp\Sina-News-C-Sharp.csproj", "{4664BE3E-21E9-4C14-ACA2-DE8E66B311C9}"
EndProject
Global
	GlobalSection(SolutionConfigurationPlatforms) = preSolution
		Debug|Any CPU = Debug|Any CPU
		Release|Any CPU = Release|Any CPU
	EndGlobalSection
	GlobalSection(ProjectConfigurationPlatforms) = postSolution
		{4664BE3E-21E9-4C14-ACA2-DE8E66B311C9}.Debug|Any CPU.ActiveCfg = Debug|Any CPU
		{4664BE3E-21E9-4C14-ACA2-DE8E66B311C9}.Debug|Any CPU.Build.0 = Debug|Any CPU
		{4664BE3E-21E9-4C14-ACA2-DE8E66B311C9}.Release|Any CPU.ActiveCfg = Release|Any CPU
		{4664BE3E-21E9-4C14-ACA2-DE8E66B311C9}.Release|Any CPU.Build.0 = Release|Any CPU
	EndGlobalSection
	GlobalSection(SolutionProperties) = preSolution
		HideSolutionNode = FALSE
	EndGlobalSection
	GlobalSection(ExtensibilityGlobals) = postSolution
		SolutionGuid = {2D6B2C67-E2F5-4183-8C9E-C6111A44F54C}
	EndGlobalSection
EndGlobal
